# THIS IS AN AUTOGENERATED FILE. DO NOT EDIT THIS FILE DIRECTLY.
# yarn lockfile v1


fireworks-canvas@^2.3.2:
  version "2.3.2"
  resolved "https://registry.yarnpkg.com/fireworks-canvas/-/fireworks-canvas-2.3.2.tgz#d2f5851d17a021e9ae738bcc1d984d010a391eef"
  integrity sha512-uAjea1ij8Mu5M49ob/juKnyD88v9FhuSbv9j4Wo4s5dL9WFLK1D2iDGTTVNO6EgW//PwFTx2oEiYkJUUVBVkLw==
